
Microsoft Visual Studio Solution File, Format Version 12.00
# Visual Studio Version 17
VisualStudioVersion = 17.2.32516.85
MinimumVisualStudioVersion = 10.0.40219.1
Project("{9A19103F-16F7-4668-BE54-9A1E7A4F7556}") = "For_IT_TRENDS", "For_IT_TRENDS\For_IT_TRENDS.csproj", "{01DD032D-CB2B-4459-9646-C657A71D7AEE}"
EndProject
Project("{FAE04EC0-301F-11D3-BF4B-00C04F79EFBC}") = "TestSecurityHashes", "TestSecurityHashes\TestSecurityHashes.csproj", "{033A1999-CCF5-40B0-8314-EB7BE76FA77B}"
EndProject
Global
	GlobalSection(SolutionConfigurationPlatforms) = preSolution
		Debug|Any CPU = Debug|Any CPU
		Release|Any CPU = Release|Any CPU
	EndGlobalSection
	GlobalSection(ProjectConfigurationPlatforms) = postSolution
		{01DD032D-CB2B-4459-9646-C657A71D7AEE}.Debug|Any CPU.ActiveCfg = Debug|Any CPU
		{01DD032D-CB2B-4459-9646-C657A71D7AEE}.Debug|Any CPU.Build.0 = Debug|Any CPU
		{01DD032D-CB2B-4459-9646-C657A71D7AEE}.Release|Any CPU.ActiveCfg = Release|Any CPU
		{01DD032D-CB2B-4459-9646-C657A71D7AEE}.Release|Any CPU.Build.0 = Release|Any CPU
		{033A1999-CCF5-40B0-8314-EB7BE76FA77B}.Debug|Any CPU.ActiveCfg = Debug|Any CPU
		{033A1999-CCF5-40B0-8314-EB7BE76FA77B}.Debug|Any CPU.Build.0 = Debug|Any CPU
		{033A1999-CCF5-40B0-8314-EB7BE76FA77B}.Release|Any CPU.ActiveCfg = Release|Any CPU
		{033A1999-CCF5-40B0-8314-EB7BE76FA77B}.Release|Any CPU.Build.0 = Release|Any CPU
	EndGlobalSection
	GlobalSection(SolutionProperties) = preSolution
		HideSolutionNode = FALSE
	EndGlobalSection
	GlobalSection(ExtensibilityGlobals) = postSolution
		SolutionGuid = {C1BA8D94-EFD2-4E2D-A2EA-06DF9131F763}
	EndGlobalSection
EndGlobal
